{
  "name": "Consumer",
  "version": "1.0.0",
  "lockfileVersion": 2,
  "requires": true,
  "packages": {
    "": {
      "version": "1.0.0",
      "license": "ISC",
      "dependencies": {
        "@momwins/wins-common-backend": "^1.51.0",
        "@momwins/wins-queue": "^1.14.0",
        "amqplib": "^0.8.0",
        "logger": "^0.0.1"
      }
    },
    "node_modules/@colors/colors": {
      "version": "1.5.0",
      "resolved": "http://100.112.165.24:4873/@colors%2fcolors/-/colors-1.5.0.tgz",
      "integrity": "sha512-ooWCrlZP11i8GImSjTHYHLkvFDP48nS4+204nGb1RiX/WXYHmJA2III9/e2DWVabCESdW7hBAEzHRqUn9OUVvQ==",
      "license": "MIT",
      "engines": {
        "node": ">=0.1.90"
      }
    },
    "node_modules/@dabh/diagnostics": {
      "version": "2.0.3",
      "resolved": "http://100.112.165.24:4873/@dabh%2fdiagnostics/-/diagnostics-2.0.3.tgz",
      "integrity": "sha512-hrlQOIi7hAfzsMqlGSFyVucrx38O+j6wiGOf//H2ecvIEqYN4ADBSS2iLMh5UFyDunCNniUIPk/q3riFv45xRA==",
      "license": "MIT",
      "dependencies": {
        "colorspace": "1.1.x",
        "enabled": "2.0.x",
        "kuler": "^2.0.0"
      }
    },
    "node_modules/@momwins/wins-common-backend": {
      "version": "1.51.0",
      "resolved": "http://100.112.165.24:4873/@momwins%2fwins-common-backend/-/wins-common-backend-1.51.0.tgz",
      "integrity": "sha512-UCnpliSn9+qOrFELdHfRNRX1QxBEU8ENiSpwQtTvCwHf8O+JgDrBm82Q+Q/aGEZQ21cw2yfvIKq9n8WKU+2LEA==",
      "license": "UNLICENSED",
      "dependencies": {
        "cls-hooked": "4.2.2",
        "koa-helmet": "6.1.0",
        "nanoid": "3.2.0",
        "winston": "3.3.3"
      }
    },
    "node_modules/@momwins/wins-queue": {
      "version": "1.14.0",
      "resolved": "http://100.112.165.24:4873/@momwins%2fwins-queue/-/wins-queue-1.14.0.tgz",
      "integrity": "sha512-QqN5xnoGJLB1lHR+aS2o3UxHbh8AfdAy/ITVQj6rHL+RqNrCFsjo4gg1Amn/n6UJCLPBN90LsOdcUDhO7ODFnQ==",
      "license": "unknown",
      "dependencies": {
        "amqplib": "0.8.0"
      }
    },
    "node_modules/amqplib": {
      "version": "0.8.0",
      "resolved": "http://100.112.165.24:4873/amqplib/-/amqplib-0.8.0.tgz",
      "integrity": "sha512-icU+a4kkq4Y1PS4NNi+YPDMwdlbFcZ1EZTQT2nigW3fvOb6AOgUQ9+Mk4ue0Zu5cBg/XpDzB40oH10ysrk2dmA==",
      "license": "MIT",
      "dependencies": {
        "bitsyntax": "~0.1.0",
        "bluebird": "^3.7.2",
        "buffer-more-ints": "~1.0.0",
        "readable-stream": "1.x >=1.1.9",
        "safe-buffer": "~5.2.1",
        "url-parse": "~1.5.1"
      },
      "engines": {
        "node": ">=10"
      }
    },
    "node_modules/async": {
      "version": "3.2.3",
      "resolved": "http://100.112.165.24:4873/async/-/async-3.2.3.tgz",
      "integrity": "sha512-spZRyzKL5l5BZQrr/6m/SqFdBN0q3OCI0f9rjfBzCMBIP4p75P620rR3gTmaksNOhmzgdxcaxdNfMy6anrbM0g==",
      "license": "MIT"
    },
    "node_modules/async-hook-jl": {
      "version": "1.7.6",
      "resolved": "http://100.112.165.24:4873/async-hook-jl/-/async-hook-jl-1.7.6.tgz",
      "integrity": "sha512-gFaHkFfSxTjvoxDMYqDuGHlcRyUuamF8s+ZTtJdDzqjws4mCt7v0vuV79/E2Wr2/riMQgtG4/yUtXWs1gZ7JMg==",
      "license": "MIT",
      "dependencies": {
        "stack-chain": "^1.3.7"
      },
      "engines": {
        "node": "^4.7 || >=6.9 || >=7.3"
      }
    },
    "node_modules/bitsyntax": {
      "version": "0.1.0",
      "resolved": "http://100.112.165.24:4873/bitsyntax/-/bitsyntax-0.1.0.tgz",
      "integrity": "sha512-ikAdCnrloKmFOugAfxWws89/fPc+nw0OOG1IzIE72uSOg/A3cYptKCjSUhDTuj7fhsJtzkzlv7l3b8PzRHLN0Q==",
      "license": "MIT",
      "dependencies": {
        "buffer-more-ints": "~1.0.0",
        "debug": "~2.6.9",
        "safe-buffer": "~5.1.2"
      },
      "engines": {
        "node": ">=0.8"
      }
    },
    "node_modules/bitsyntax/node_modules/safe-buffer": {
      "version": "5.1.2",
      "resolved": "http://100.112.165.24:4873/safe-buffer/-/safe-buffer-5.1.2.tgz",
      "integrity": "sha512-Gd2UZBJDkXlY7GbJxfsE8/nvKkUEU1G38c1siN6QP6a9PT9MmHB8GnpscSmMJSoF8LOIrt8ud/wPtojys4G6+g==",
      "license": "MIT"
    },
    "node_modules/bluebird": {
      "version": "3.7.2",
      "resolved": "http://100.112.165.24:4873/bluebird/-/bluebird-3.7.2.tgz",
      "integrity": "sha512-XpNj6GDQzdfW+r2Wnn7xiSAd7TM3jzkxGXBGTtWKuSXv1xUV+azxAm8jdWZN06QTQk+2N2XB9jRDkvbmQmcRtg==",
      "license": "MIT"
    },
    "node_modules/buffer-more-ints": {
      "version": "1.0.0",
      "resolved": "http://100.112.165.24:4873/buffer-more-ints/-/buffer-more-ints-1.0.0.tgz",
      "integrity": "sha512-EMetuGFz5SLsT0QTnXzINh4Ksr+oo4i+UGTXEshiGCQWnsgSs7ZhJ8fzlwQ+OzEMs0MpDAMr1hxnblp5a4vcHg==",
      "license": "MIT"
    },
    "node_modules/cls-hooked": {
      "version": "4.2.2",
      "resolved": "http://100.112.165.24:4873/cls-hooked/-/cls-hooked-4.2.2.tgz",
      "integrity": "sha512-J4Xj5f5wq/4jAvcdgoGsL3G103BtWpZrMo8NEinRltN+xpTZdI+M38pyQqhuFU/P792xkMFvnKSf+Lm81U1bxw==",
      "license": "BSD-2-Clause",
      "dependencies": {
        "async-hook-jl": "^1.7.6",
        "emitter-listener": "^1.0.1",
        "semver": "^5.4.1"
      },
      "engines": {
        "node": "^4.7 || >=6.9 || >=7.3 || >=8.2.1"
      }
    },
    "node_modules/color": {
      "version": "3.2.1",
      "resolved": "http://100.112.165.24:4873/color/-/color-3.2.1.tgz",
      "integrity": "sha512-aBl7dZI9ENN6fUGC7mWpMTPNHmWUSNan9tuWN6ahh5ZLNk9baLJOnSMlrQkHcrfFgz2/RigjUVAjdx36VcemKA==",
      "license": "MIT",
      "dependencies": {
        "color-convert": "^1.9.3",
        "color-string": "^1.6.0"
      }
    },
    "node_modules/color-convert": {
      "version": "1.9.3",
      "resolved": "http://100.112.165.24:4873/color-convert/-/color-convert-1.9.3.tgz",
      "integrity": "sha512-QfAUtd+vFdAtFQcC8CCyYt1fYWxSqAiK2cSD6zDB8N3cpsEBAvRxp9zOGg6G/SHHJYAT88/az/IuDGALsNVbGg==",
      "license": "MIT",
      "dependencies": {
        "color-name": "1.1.3"
      }
    },
    "node_modules/color-name": {
      "version": "1.1.3",
      "resolved": "http://100.112.165.24:4873/color-name/-/color-name-1.1.3.tgz",
      "integrity": "sha1-p9BVi9icQveV3UIyj3QIMcpTvCU=",
      "license": "MIT"
    },
    "node_modules/color-string": {
      "version": "1.9.0",
      "resolved": "http://100.112.165.24:4873/color-string/-/color-string-1.9.0.tgz",
      "integrity": "sha512-9Mrz2AQLefkH1UvASKj6v6hj/7eWgjnT/cVsR8CumieLoT+g900exWeNogqtweI8dxloXN9BDQTYro1oWu/5CQ==",
      "license": "MIT",
      "dependencies": {
        "color-name": "^1.0.0",
        "simple-swizzle": "^0.2.2"
      }
    },
    "node_modules/colorspace": {
      "version": "1.1.4",
      "resolved": "http://100.112.165.24:4873/colorspace/-/colorspace-1.1.4.tgz",
      "integrity": "sha512-BgvKJiuVu1igBUF2kEjRCZXol6wiiGbY5ipL/oVPwm0BL9sIpMIzM8IK7vwuxIIzOXMV3Ey5w+vxhm0rR/TN8w==",
      "license": "MIT",
      "dependencies": {
        "color": "^3.1.3",
        "text-hex": "1.0.x"
      }
    },
    "node_modules/core-util-is": {
      "version": "1.0.3",
      "resolved": "http://100.112.165.24:4873/core-util-is/-/core-util-is-1.0.3.tgz",
      "integrity": "sha512-ZQBvi1DcpJ4GDqanjucZ2Hj3wEO5pZDS89BWbkcrvdxksJorwUDDZamX9ldFkp9aw2lmBDLgkObEA4DWNJ9FYQ==",
      "license": "MIT"
    },
    "node_modules/debug": {
      "version": "2.6.9",
      "resolved": "http://100.112.165.24:4873/debug/-/debug-2.6.9.tgz",
      "integrity": "sha512-bC7ElrdJaJnPbAP+1EotYvqZsb3ecl5wi6Bfi6BJTUcNowp6cvspg0jXznRTKDjm/E7AdgFBVeAPVMNcKGsHMA==",
      "license": "MIT",
      "dependencies": {
        "ms": "2.0.0"
      }
    },
    "node_modules/emitter-listener": {
      "version": "1.1.2",
      "resolved": "http://100.112.165.24:4873/emitter-listener/-/emitter-listener-1.1.2.tgz",
      "integrity": "sha512-Bt1sBAGFHY9DKY+4/2cV6izcKJUf5T7/gkdmkxzX/qv9CcGH8xSwVRW5mtX03SWJtRTWSOpzCuWN9rBFYZepZQ==",
      "license": "BSD-2-Clause",
      "dependencies": {
        "shimmer": "^1.2.0"
      }
    },
    "node_modules/enabled": {
      "version": "2.0.0",
      "resolved": "http://100.112.165.24:4873/enabled/-/enabled-2.0.0.tgz",
      "integrity": "sha512-AKrN98kuwOzMIdAizXGI86UFBoo26CL21UM763y1h/GMSJ4/OHU9k2YlsmBpyScFo/wbLzWQJBMCW4+IO3/+OQ==",
      "license": "MIT"
    },
    "node_modules/fecha": {
      "version": "4.2.1",
      "resolved": "http://100.112.165.24:4873/fecha/-/fecha-4.2.1.tgz",
      "integrity": "sha512-MMMQ0ludy/nBs1/o0zVOiKTpG7qMbonKUzjJgQFEuvq6INZ1OraKPRAWkBq5vlKLOUMpmNYG1JoN3oDPUQ9m3Q==",
      "license": "MIT"
    },
    "node_modules/fn.name": {
      "version": "1.1.0",
      "resolved": "http://100.112.165.24:4873/fn.name/-/fn.name-1.1.0.tgz",
      "integrity": "sha512-GRnmB5gPyJpAhTQdSZTSp9uaPSvl09KoYcMQtsB9rQoOmzs9dH6ffeccH+Z+cv6P68Hu5bC6JjRh4Ah/mHSNRw==",
      "license": "MIT"
    },
    "node_modules/helmet": {
      "version": "4.6.0",
      "resolved": "http://100.112.165.24:4873/helmet/-/helmet-4.6.0.tgz",
      "integrity": "sha512-HVqALKZlR95ROkrnesdhbbZJFi/rIVSoNq6f3jA/9u6MIbTsPh3xZwihjeI5+DO/2sOV6HMHooXcEOuwskHpTg==",
      "license": "MIT",
      "engines": {
        "node": ">=10.0.0"
      }
    },
    "node_modules/inherits": {
      "version": "2.0.4",
      "resolved": "http://100.112.165.24:4873/inherits/-/inherits-2.0.4.tgz",
      "integrity": "sha512-k/vGaX4/Yla3WzyMCvTQOXYeIHvqOKtnqBduzTHpzpQZzAskKMhZ2K+EnBiSM9zGSoIFeMpXKxa4dYeZIQqewQ==",
      "license": "ISC"
    },
    "node_modules/is-arrayish": {
      "version": "0.3.2",
      "resolved": "http://100.112.165.24:4873/is-arrayish/-/is-arrayish-0.3.2.tgz",
      "integrity": "sha512-eVRqCvVlZbuw3GrM63ovNSNAeA1K16kaR/LRY/92w0zxQ5/1YzwblUX652i4Xs9RwAGjW9d9y6X88t8OaAJfWQ==",
      "license": "MIT"
    },
    "node_modules/is-stream": {
      "version": "2.0.1",
      "resolved": "http://100.112.165.24:4873/is-stream/-/is-stream-2.0.1.tgz",
      "integrity": "sha512-hFoiJiTl63nn+kstHGBtewWSKnQLpyb155KHheA1l39uvtO9nWIop1p3udqPcUd/xbF1VLMO4n7OI6p7RbngDg==",
      "license": "MIT",
      "engines": {
        "node": ">=8"
      },
      "funding": {
        "url": "https://github.com/sponsors/sindresorhus"
      }
    },
    "node_modules/isarray": {
      "version": "0.0.1",
      "resolved": "http://100.112.165.24:4873/isarray/-/isarray-0.0.1.tgz",
      "integrity": "sha1-ihis/Kmo9Bd+Cav8YDiTmwXR7t8=",
      "license": "MIT"
    },
    "node_modules/koa-helmet": {
      "version": "6.1.0",
      "resolved": "http://100.112.165.24:4873/koa-helmet/-/koa-helmet-6.1.0.tgz",
      "integrity": "sha512-WymEv4qo/7ghh15t+1qTjvZBmZkmVlTtfnpe5oxn8m8mO2Q2rKJ3eMvWuQGW/6yVxN9+hQ75evuWcg3XBbFLbg==",
      "license": "MIT",
      "dependencies": {
        "helmet": "^4.4.1"
      },
      "engines": {
        "node": ">= 8.0.0"
      }
    },
    "node_modules/kuler": {
      "version": "2.0.0",
      "resolved": "http://100.112.165.24:4873/kuler/-/kuler-2.0.0.tgz",
      "integrity": "sha512-Xq9nH7KlWZmXAtodXDDRE7vs6DU1gTU8zYDHDiWLSip45Egwq3plLHzPn27NgvzL2r1LMPC1vdqh98sQxtqj4A==",
      "license": "MIT"
    },
    "node_modules/logform": {
      "version": "2.4.0",
      "resolved": "http://100.112.165.24:4873/logform/-/logform-2.4.0.tgz",
      "integrity": "sha512-CPSJw4ftjf517EhXZGGvTHHkYobo7ZCc0kvwUoOYcjfR2UVrI66RHj8MCrfAdEitdmFqbu2BYdYs8FHHZSb6iw==",
      "license": "MIT",
      "dependencies": {
        "@colors/colors": "1.5.0",
        "fecha": "^4.2.0",
        "ms": "^2.1.1",
        "safe-stable-stringify": "^2.3.1",
        "triple-beam": "^1.3.0"
      }
    },
    "node_modules/logform/node_modules/ms": {
      "version": "2.1.3",
      "resolved": "http://100.112.165.24:4873/ms/-/ms-2.1.3.tgz",
      "integrity": "sha512-6FlzubTLZG3J2a/NVCAleEhjzq5oxgHyaCU9yYXvcLsvoVaHJq/s5xXI6/XXP6tz7R9xAOtHnSO/tXtF3WRTlA==",
      "license": "MIT"
    },
    "node_modules/logger": {
      "version": "0.0.1",
      "resolved": "http://100.112.165.24:4873/logger/-/logger-0.0.1.tgz",
      "integrity": "sha1-ywgXH4pvb2dLhJna31C+1L77csQ=",
      "engines": {
        "node": ">=0.1.90"
      }
    },
    "node_modules/ms": {
      "version": "2.0.0",
      "resolved": "http://100.112.165.24:4873/ms/-/ms-2.0.0.tgz",
      "integrity": "sha1-VgiurfwAvmwpAd9fmGF4jeDVl8g=",
      "license": "MIT"
    },
    "node_modules/nanoid": {
      "version": "3.2.0",
      "resolved": "http://100.112.165.24:4873/nanoid/-/nanoid-3.2.0.tgz",
      "integrity": "sha512-fmsZYa9lpn69Ad5eDn7FMcnnSR+8R34W9qJEijxYhTbfOWzr22n1QxCMzXLK+ODyW2973V3Fux959iQoUxzUIA==",
      "license": "MIT",
      "bin": {
        "nanoid": "bin/nanoid.cjs"
      },
      "engines": {
        "node": "^10 || ^12 || ^13.7 || ^14 || >=15.0.1"
      }
    },
    "node_modules/one-time": {
      "version": "1.0.0",
      "resolved": "http://100.112.165.24:4873/one-time/-/one-time-1.0.0.tgz",
      "integrity": "sha512-5DXOiRKwuSEcQ/l0kGCF6Q3jcADFv5tSmRaJck/OqkVFcOzutB134KRSfF0xDrL39MNnqxbHBbUUcjZIhTgb2g==",
      "license": "MIT",
      "dependencies": {
        "fn.name": "1.x.x"
      }
    },
    "node_modules/querystringify": {
      "version": "2.2.0",
      "resolved": "http://100.112.165.24:4873/querystringify/-/querystringify-2.2.0.tgz",
      "integrity": "sha512-FIqgj2EUvTa7R50u0rGsyTftzjYmv/a3hO345bZNrqabNqjtgiDMgmo4mkUjd+nzU5oF3dClKqFIPUKybUyqoQ==",
      "license": "MIT"
    },
    "node_modules/readable-stream": {
      "version": "1.1.14",
      "resolved": "http://100.112.165.24:4873/readable-stream/-/readable-stream-1.1.14.tgz",
      "integrity": "sha1-fPTFTvZI44EwhMY23SB54WbAgdk=",
      "license": "MIT",
      "dependencies": {
        "core-util-is": "~1.0.0",
        "inherits": "~2.0.1",
        "isarray": "0.0.1",
        "string_decoder": "~0.10.x"
      }
    },
    "node_modules/requires-port": {
      "version": "1.0.0",
      "resolved": "http://100.112.165.24:4873/requires-port/-/requires-port-1.0.0.tgz",
      "integrity": "sha1-kl0mAdOaxIXgkc8NpcbmlNw9yv8=",
      "license": "MIT"
    },
    "node_modules/safe-buffer": {
      "version": "5.2.1",
      "resolved": "http://100.112.165.24:4873/safe-buffer/-/safe-buffer-5.2.1.tgz",
      "integrity": "sha512-rp3So07KcdmmKbGvgaNxQSJr7bGVSVk5S9Eq1F+ppbRo70+YeaDxkw5Dd8NPN+GD6bjnYm2VuPuCXmpuYvmCXQ==",
      "funding": [
        {
          "type": "github",
          "url": "https://github.com/sponsors/feross"
        },
        {
          "type": "patreon",
          "url": "https://www.patreon.com/feross"
        },
        {
          "type": "consulting",
          "url": "https://feross.org/support"
        }
      ],
      "license": "MIT"
    },
    "node_modules/safe-stable-stringify": {
      "version": "2.3.1",
      "resolved": "http://100.112.165.24:4873/safe-stable-stringify/-/safe-stable-stringify-2.3.1.tgz",
      "integrity": "sha512-kYBSfT+troD9cDA85VDnHZ1rpHC50O0g1e6WlGHVCz/g+JS+9WKLj+XwFYyR8UbrZN8ll9HUpDAAddY58MGisg==",
      "license": "MIT",
      "engines": {
        "node": ">=10"
      }
    },
    "node_modules/semver": {
      "version": "5.7.1",
      "resolved": "http://100.112.165.24:4873/semver/-/semver-5.7.1.tgz",
      "integrity": "sha512-sauaDf/PZdVgrLTNYHRtpXa1iRiKcaebiKQ1BJdpQlWH2lCvexQdX55snPFyK7QzpudqbCI0qXFfOasHdyNDGQ==",
      "license": "ISC",
      "bin": {
        "semver": "bin/semver"
      }
    },
    "node_modules/shimmer": {
      "version": "1.2.1",
      "resolved": "http://100.112.165.24:4873/shimmer/-/shimmer-1.2.1.tgz",
      "integrity": "sha512-sQTKC1Re/rM6XyFM6fIAGHRPVGvyXfgzIDvzoq608vM+jeyVD0Tu1E6Np0Kc2zAIFWIj963V2800iF/9LPieQw==",
      "license": "BSD-2-Clause"
    },
    "node_modules/simple-swizzle": {
      "version": "0.2.2",
      "resolved": "http://100.112.165.24:4873/simple-swizzle/-/simple-swizzle-0.2.2.tgz",
      "integrity": "sha1-pNprY1/8zMoz9w0Xy5JZLeleVXo=",
      "license": "MIT",
      "dependencies": {
        "is-arrayish": "^0.3.1"
      }
    },
    "node_modules/stack-chain": {
      "version": "1.3.7",
      "resolved": "http://100.112.165.24:4873/stack-chain/-/stack-chain-1.3.7.tgz",
      "integrity": "sha1-0ZLJ/06moiyUxN1FkXHj8AzqEoU=",
      "license": "MIT"
    },
    "node_modules/stack-trace": {
      "version": "0.0.10",
      "resolved": "http://100.112.165.24:4873/stack-trace/-/stack-trace-0.0.10.tgz",
      "integrity": "sha1-VHxws0fo0ytOEI6hoqFZ5f3eGcA=",
      "license": "MIT",
      "engines": {
        "node": "*"
      }
    },
    "node_modules/string_decoder": {
      "version": "0.10.31",
      "resolved": "http://100.112.165.24:4873/string_decoder/-/string_decoder-0.10.31.tgz",
      "integrity": "sha1-YuIDvEF2bGwoyfyEMB2rHFMQ+pQ=",
      "license": "MIT"
    },
    "node_modules/text-hex": {
      "version": "1.0.0",
      "resolved": "http://100.112.165.24:4873/text-hex/-/text-hex-1.0.0.tgz",
      "integrity": "sha512-uuVGNWzgJ4yhRaNSiubPY7OjISw4sw4E5Uv0wbjp+OzcbmVU/rsT8ujgcXJhn9ypzsgr5vlzpPqP+MBBKcGvbg==",
      "license": "MIT"
    },
    "node_modules/triple-beam": {
      "version": "1.3.0",
      "resolved": "http://100.112.165.24:4873/triple-beam/-/triple-beam-1.3.0.tgz",
      "integrity": "sha512-XrHUvV5HpdLmIj4uVMxHggLbFSZYIn7HEWsqePZcI50pco+MPqJ50wMGY794X7AOOhxOBAjbkqfAbEe/QMp2Lw==",
      "license": "MIT"
    },
    "node_modules/url-parse": {
      "version": "1.5.7",
      "resolved": "http://100.112.165.24:4873/url-parse/-/url-parse-1.5.7.tgz",
      "integrity": "sha512-HxWkieX+STA38EDk7CE9MEryFeHCKzgagxlGvsdS7WBImq9Mk+PGwiT56w82WI3aicwJA8REp42Cxo98c8FZMA==",
      "license": "MIT",
      "dependencies": {
        "querystringify": "^2.1.1",
        "requires-port": "^1.0.0"
      }
    },
    "node_modules/util-deprecate": {
      "version": "1.0.2",
      "resolved": "http://100.112.165.24:4873/util-deprecate/-/util-deprecate-1.0.2.tgz",
      "integrity": "sha1-RQ1Nyfpw3nMnYvvS1KKJgUGaDM8=",
      "license": "MIT"
    },
    "node_modules/winston": {
      "version": "3.3.3",
      "resolved": "http://100.112.165.24:4873/winston/-/winston-3.3.3.tgz",
      "integrity": "sha512-oEXTISQnC8VlSAKf1KYSSd7J6IWuRPQqDdo8eoRNaYKLvwSb5+79Z3Yi1lrl6KDpU6/VWaxpakDAtb1oQ4n9aw==",
      "license": "MIT",
      "dependencies": {
        "@dabh/diagnostics": "^2.0.2",
        "async": "^3.1.0",
        "is-stream": "^2.0.0",
        "logform": "^2.2.0",
        "one-time": "^1.0.0",
        "readable-stream": "^3.4.0",
        "stack-trace": "0.0.x",
        "triple-beam": "^1.3.0",
        "winston-transport": "^4.4.0"
      },
      "engines": {
        "node": ">= 6.4.0"
      }
    },
    "node_modules/winston-transport": {
      "version": "4.5.0",
      "resolved": "http://100.112.165.24:4873/winston-transport/-/winston-transport-4.5.0.tgz",
      "integrity": "sha512-YpZzcUzBedhlTAfJg6vJDlyEai/IFMIVcaEZZyl3UXIl4gmqRpU7AE89AHLkbzLUsv0NVmw7ts+iztqKxxPW1Q==",
      "license": "MIT",
      "dependencies": {
        "logform": "^2.3.2",
        "readable-stream": "^3.6.0",
        "triple-beam": "^1.3.0"
      },
      "engines": {
        "node": ">= 6.4.0"
      }
    },
    "node_modules/winston-transport/node_modules/readable-stream": {
      "version": "3.6.0",
      "resolved": "http://100.112.165.24:4873/readable-stream/-/readable-stream-3.6.0.tgz",
      "integrity": "sha512-BViHy7LKeTz4oNnkcLJ+lVSL6vpiFeX6/d3oSH8zCW7UxP2onchk+vTGB143xuFjHS3deTgkKoXXymXqymiIdA==",
      "license": "MIT",
      "dependencies": {
        "inherits": "^2.0.3",
        "string_decoder": "^1.1.1",
        "util-deprecate": "^1.0.1"
      },
      "engines": {
        "node": ">= 6"
      }
    },
    "node_modules/winston-transport/node_modules/string_decoder": {
      "version": "1.3.0",
      "resolved": "http://100.112.165.24:4873/string_decoder/-/string_decoder-1.3.0.tgz",
      "integrity": "sha512-hkRX8U1WjJFd8LsDJ2yQ/wWWxaopEsABU1XfkM8A+j0+85JAGppt16cr1Whg6KIbb4okU6Mql6BOj+uup/wKeA==",
      "license": "MIT",
      "dependencies": {
        "safe-buffer": "~5.2.0"
      }
    },
    "node_modules/winston/node_modules/readable-stream": {
      "version": "3.6.0",
      "resolved": "http://100.112.165.24:4873/readable-stream/-/readable-stream-3.6.0.tgz",
      "integrity": "sha512-BViHy7LKeTz4oNnkcLJ+lVSL6vpiFeX6/d3oSH8zCW7UxP2onchk+vTGB143xuFjHS3deTgkKoXXymXqymiIdA==",
      "license": "MIT",
      "dependencies": {
        "inherits": "^2.0.3",
        "string_decoder": "^1.1.1",
        "util-deprecate": "^1.0.1"
      },
      "engines": {
        "node": ">= 6"
      }
    },
    "node_modules/winston/node_modules/string_decoder": {
      "version": "1.3.0",
      "resolved": "http://100.112.165.24:4873/string_decoder/-/string_decoder-1.3.0.tgz",
      "integrity": "sha512-hkRX8U1WjJFd8LsDJ2yQ/wWWxaopEsABU1XfkM8A+j0+85JAGppt16cr1Whg6KIbb4okU6Mql6BOj+uup/wKeA==",
      "license": "MIT",
      "dependencies": {
        "safe-buffer": "~5.2.0"
      }
    }
  },
  "dependencies": {
    "@colors/colors": {
      "version": "1.5.0",
      "resolved": "http://100.112.165.24:4873/@colors%2fcolors/-/colors-1.5.0.tgz",
      "integrity": "sha512-ooWCrlZP11i8GImSjTHYHLkvFDP48nS4+204nGb1RiX/WXYHmJA2III9/e2DWVabCESdW7hBAEzHRqUn9OUVvQ=="
    },
    "@dabh/diagnostics": {
      "version": "2.0.3",
      "resolved": "http://100.112.165.24:4873/@dabh%2fdiagnostics/-/diagnostics-2.0.3.tgz",
      "integrity": "sha512-hrlQOIi7hAfzsMqlGSFyVucrx38O+j6wiGOf//H2ecvIEqYN4ADBSS2iLMh5UFyDunCNniUIPk/q3riFv45xRA==",
      "requires": {
        "colorspace": "1.1.x",
        "enabled": "2.0.x",
        "kuler": "^2.0.0"
      }
    },
    "@momwins/wins-common-backend": {
      "version": "1.51.0",
      "resolved": "http://100.112.165.24:4873/@momwins%2fwins-common-backend/-/wins-common-backend-1.51.0.tgz",
      "integrity": "sha512-UCnpliSn9+qOrFELdHfRNRX1QxBEU8ENiSpwQtTvCwHf8O+JgDrBm82Q+Q/aGEZQ21cw2yfvIKq9n8WKU+2LEA==",
      "requires": {
        "cls-hooked": "4.2.2",
        "koa-helmet": "6.1.0",
        "nanoid": "3.2.0",
        "winston": "3.3.3"
      }
    },
    "@momwins/wins-queue": {
      "version": "1.14.0",
      "resolved": "http://100.112.165.24:4873/@momwins%2fwins-queue/-/wins-queue-1.14.0.tgz",
      "integrity": "sha512-QqN5xnoGJLB1lHR+aS2o3UxHbh8AfdAy/ITVQj6rHL+RqNrCFsjo4gg1Amn/n6UJCLPBN90LsOdcUDhO7ODFnQ==",
      "requires": {
        "amqplib": "0.8.0"
      }
    },
    "amqplib": {
      "version": "0.8.0",
      "resolved": "http://100.112.165.24:4873/amqplib/-/amqplib-0.8.0.tgz",
      "integrity": "sha512-icU+a4kkq4Y1PS4NNi+YPDMwdlbFcZ1EZTQT2nigW3fvOb6AOgUQ9+Mk4ue0Zu5cBg/XpDzB40oH10ysrk2dmA==",
      "requires": {
        "bitsyntax": "~0.1.0",
        "bluebird": "^3.7.2",
        "buffer-more-ints": "~1.0.0",
        "readable-stream": "1.x >=1.1.9",
        "safe-buffer": "~5.2.1",
        "url-parse": "~1.5.1"
      }
    },
    "async": {
      "version": "3.2.3",
      "resolved": "http://100.112.165.24:4873/async/-/async-3.2.3.tgz",
      "integrity": "sha512-spZRyzKL5l5BZQrr/6m/SqFdBN0q3OCI0f9rjfBzCMBIP4p75P620rR3gTmaksNOhmzgdxcaxdNfMy6anrbM0g=="
    },
    "async-hook-jl": {
      "version": "1.7.6",
      "resolved": "http://100.112.165.24:4873/async-hook-jl/-/async-hook-jl-1.7.6.tgz",
      "integrity": "sha512-gFaHkFfSxTjvoxDMYqDuGHlcRyUuamF8s+ZTtJdDzqjws4mCt7v0vuV79/E2Wr2/riMQgtG4/yUtXWs1gZ7JMg==",
      "requires": {
        "stack-chain": "^1.3.7"
      }
    },
    "bitsyntax": {
      "version": "0.1.0",
      "resolved": "http://100.112.165.24:4873/bitsyntax/-/bitsyntax-0.1.0.tgz",
      "integrity": "sha512-ikAdCnrloKmFOugAfxWws89/fPc+nw0OOG1IzIE72uSOg/A3cYptKCjSUhDTuj7fhsJtzkzlv7l3b8PzRHLN0Q==",
      "requires": {
        "buffer-more-ints": "~1.0.0",
        "debug": "~2.6.9",
        "safe-buffer": "~5.1.2"
      },
      "dependencies": {
        "safe-buffer": {
          "version": "5.1.2",
          "resolved": "http://100.112.165.24:4873/safe-buffer/-/safe-buffer-5.1.2.tgz",
          "integrity": "sha512-Gd2UZBJDkXlY7GbJxfsE8/nvKkUEU1G38c1siN6QP6a9PT9MmHB8GnpscSmMJSoF8LOIrt8ud/wPtojys4G6+g=="
        }
      }
    },
    "bluebird": {
      "version": "3.7.2",
      "resolved": "http://100.112.165.24:4873/bluebird/-/bluebird-3.7.2.tgz",
      "integrity": "sha512-XpNj6GDQzdfW+r2Wnn7xiSAd7TM3jzkxGXBGTtWKuSXv1xUV+azxAm8jdWZN06QTQk+2N2XB9jRDkvbmQmcRtg=="
    },
    "buffer-more-ints": {
      "version": "1.0.0",
      "resolved": "http://100.112.165.24:4873/buffer-more-ints/-/buffer-more-ints-1.0.0.tgz",
      "integrity": "sha512-EMetuGFz5SLsT0QTnXzINh4Ksr+oo4i+UGTXEshiGCQWnsgSs7ZhJ8fzlwQ+OzEMs0MpDAMr1hxnblp5a4vcHg=="
    },
    "cls-hooked": {
      "version": "4.2.2",
      "resolved": "http://100.112.165.24:4873/cls-hooked/-/cls-hooked-4.2.2.tgz",
      "integrity": "sha512-J4Xj5f5wq/4jAvcdgoGsL3G103BtWpZrMo8NEinRltN+xpTZdI+M38pyQqhuFU/P792xkMFvnKSf+Lm81U1bxw==",
      "requires": {
        "async-hook-jl": "^1.7.6",
        "emitter-listener": "^1.0.1",
        "semver": "^5.4.1"
      }
    },
    "color": {
      "version": "3.2.1",
      "resolved": "http://100.112.165.24:4873/color/-/color-3.2.1.tgz",
      "integrity": "sha512-aBl7dZI9ENN6fUGC7mWpMTPNHmWUSNan9tuWN6ahh5ZLNk9baLJOnSMlrQkHcrfFgz2/RigjUVAjdx36VcemKA==",
      "requires": {
        "color-convert": "^1.9.3",
        "color-string": "^1.6.0"
      }
    },
    "color-convert": {
      "version": "1.9.3",
      "resolved": "http://100.112.165.24:4873/color-convert/-/color-convert-1.9.3.tgz",
      "integrity": "sha512-QfAUtd+vFdAtFQcC8CCyYt1fYWxSqAiK2cSD6zDB8N3cpsEBAvRxp9zOGg6G/SHHJYAT88/az/IuDGALsNVbGg==",
      "requires": {
        "color-name": "1.1.3"
      }
    },
    "color-name": {
      "version": "1.1.3",
      "resolved": "http://100.112.165.24:4873/color-name/-/color-name-1.1.3.tgz",
      "integrity": "sha1-p9BVi9icQveV3UIyj3QIMcpTvCU="
    },
    "color-string": {
      "version": "1.9.0",
      "resolved": "http://100.112.165.24:4873/color-string/-/color-string-1.9.0.tgz",
      "integrity": "sha512-9Mrz2AQLefkH1UvASKj6v6hj/7eWgjnT/cVsR8CumieLoT+g900exWeNogqtweI8dxloXN9BDQTYro1oWu/5CQ==",
      "requires": {
        "color-name": "^1.0.0",
        "simple-swizzle": "^0.2.2"
      }
    },
    "colorspace": {
      "version": "1.1.4",
      "resolved": "http://100.112.165.24:4873/colorspace/-/colorspace-1.1.4.tgz",
      "integrity": "sha512-BgvKJiuVu1igBUF2kEjRCZXol6wiiGbY5ipL/oVPwm0BL9sIpMIzM8IK7vwuxIIzOXMV3Ey5w+vxhm0rR/TN8w==",
      "requires": {
        "color": "^3.1.3",
        "text-hex": "1.0.x"
      }
    },
    "core-util-is": {
      "version": "1.0.3",
      "resolved": "http://100.112.165.24:4873/core-util-is/-/core-util-is-1.0.3.tgz",
      "integrity": "sha512-ZQBvi1DcpJ4GDqanjucZ2Hj3wEO5pZDS89BWbkcrvdxksJorwUDDZamX9ldFkp9aw2lmBDLgkObEA4DWNJ9FYQ=="
    },
    "debug": {
      "version": "2.6.9",
      "resolved": "http://100.112.165.24:4873/debug/-/debug-2.6.9.tgz",
      "integrity": "sha512-bC7ElrdJaJnPbAP+1EotYvqZsb3ecl5wi6Bfi6BJTUcNowp6cvspg0jXznRTKDjm/E7AdgFBVeAPVMNcKGsHMA==",
      "requires": {
        "ms": "2.0.0"
      }
    },
    "emitter-listener": {
      "version": "1.1.2",
      "resolved": "http://100.112.165.24:4873/emitter-listener/-/emitter-listener-1.1.2.tgz",
      "integrity": "sha512-Bt1sBAGFHY9DKY+4/2cV6izcKJUf5T7/gkdmkxzX/qv9CcGH8xSwVRW5mtX03SWJtRTWSOpzCuWN9rBFYZepZQ==",
      "requires": {
        "shimmer": "^1.2.0"
      }
    },
    "enabled": {
      "version": "2.0.0",
      "resolved": "http://100.112.165.24:4873/enabled/-/enabled-2.0.0.tgz",
      "integrity": "sha512-AKrN98kuwOzMIdAizXGI86UFBoo26CL21UM763y1h/GMSJ4/OHU9k2YlsmBpyScFo/wbLzWQJBMCW4+IO3/+OQ=="
    },
    "fecha": {
      "version": "4.2.1",
      "resolved": "http://100.112.165.24:4873/fecha/-/fecha-4.2.1.tgz",
      "integrity": "sha512-MMMQ0ludy/nBs1/o0zVOiKTpG7qMbonKUzjJgQFEuvq6INZ1OraKPRAWkBq5vlKLOUMpmNYG1JoN3oDPUQ9m3Q=="
    },
    "fn.name": {
      "version": "1.1.0",
      "resolved": "http://100.112.165.24:4873/fn.name/-/fn.name-1.1.0.tgz",
      "integrity": "sha512-GRnmB5gPyJpAhTQdSZTSp9uaPSvl09KoYcMQtsB9rQoOmzs9dH6ffeccH+Z+cv6P68Hu5bC6JjRh4Ah/mHSNRw=="
    },
    "helmet": {
      "version": "4.6.0",
      "resolved": "http://100.112.165.24:4873/helmet/-/helmet-4.6.0.tgz",
      "integrity": "sha512-HVqALKZlR95ROkrnesdhbbZJFi/rIVSoNq6f3jA/9u6MIbTsPh3xZwihjeI5+DO/2sOV6HMHooXcEOuwskHpTg=="
    },
    "inherits": {
      "version": "2.0.4",
      "resolved": "http://100.112.165.24:4873/inherits/-/inherits-2.0.4.tgz",
      "integrity": "sha512-k/vGaX4/Yla3WzyMCvTQOXYeIHvqOKtnqBduzTHpzpQZzAskKMhZ2K+EnBiSM9zGSoIFeMpXKxa4dYeZIQqewQ=="
    },
    "is-arrayish": {
      "version": "0.3.2",
      "resolved": "http://100.112.165.24:4873/is-arrayish/-/is-arrayish-0.3.2.tgz",
      "integrity": "sha512-eVRqCvVlZbuw3GrM63ovNSNAeA1K16kaR/LRY/92w0zxQ5/1YzwblUX652i4Xs9RwAGjW9d9y6X88t8OaAJfWQ=="
    },
    "is-stream": {
      "version": "2.0.1",
      "resolved": "http://100.112.165.24:4873/is-stream/-/is-stream-2.0.1.tgz",
      "integrity": "sha512-hFoiJiTl63nn+kstHGBtewWSKnQLpyb155KHheA1l39uvtO9nWIop1p3udqPcUd/xbF1VLMO4n7OI6p7RbngDg=="
    },
    "isarray": {
      "version": "0.0.1",
      "resolved": "http://100.112.165.24:4873/isarray/-/isarray-0.0.1.tgz",
      "integrity": "sha1-ihis/Kmo9Bd+Cav8YDiTmwXR7t8="
    },
    "koa-helmet": {
      "version": "6.1.0",
      "resolved": "http://100.112.165.24:4873/koa-helmet/-/koa-helmet-6.1.0.tgz",
      "integrity": "sha512-WymEv4qo/7ghh15t+1qTjvZBmZkmVlTtfnpe5oxn8m8mO2Q2rKJ3eMvWuQGW/6yVxN9+hQ75evuWcg3XBbFLbg==",
      "requires": {
        "helmet": "^4.4.1"
      }
    },
    "kuler": {
      "version": "2.0.0",
      "resolved": "http://100.112.165.24:4873/kuler/-/kuler-2.0.0.tgz",
      "integrity": "sha512-Xq9nH7KlWZmXAtodXDDRE7vs6DU1gTU8zYDHDiWLSip45Egwq3plLHzPn27NgvzL2r1LMPC1vdqh98sQxtqj4A=="
    },
    "logform": {
      "version": "2.4.0",
      "resolved": "http://100.112.165.24:4873/logform/-/logform-2.4.0.tgz",
      "integrity": "sha512-CPSJw4ftjf517EhXZGGvTHHkYobo7ZCc0kvwUoOYcjfR2UVrI66RHj8MCrfAdEitdmFqbu2BYdYs8FHHZSb6iw==",
      "requires": {
        "@colors/colors": "1.5.0",
        "fecha": "^4.2.0",
        "ms": "^2.1.1",
        "safe-stable-stringify": "^2.3.1",
        "triple-beam": "^1.3.0"
      },
      "dependencies": {
        "ms": {
          "version": "2.1.3",
          "resolved": "http://100.112.165.24:4873/ms/-/ms-2.1.3.tgz",
          "integrity": "sha512-6FlzubTLZG3J2a/NVCAleEhjzq5oxgHyaCU9yYXvcLsvoVaHJq/s5xXI6/XXP6tz7R9xAOtHnSO/tXtF3WRTlA=="
        }
      }
    },
    "logger": {
      "version": "0.0.1",
      "resolved": "http://100.112.165.24:4873/logger/-/logger-0.0.1.tgz",
      "integrity": "sha1-ywgXH4pvb2dLhJna31C+1L77csQ="
    },
    "ms": {
      "version": "2.0.0",
      "resolved": "http://100.112.165.24:4873/ms/-/ms-2.0.0.tgz",
      "integrity": "sha1-VgiurfwAvmwpAd9fmGF4jeDVl8g="
    },
    "nanoid": {
      "version": "3.2.0",
      "resolved": "http://100.112.165.24:4873/nanoid/-/nanoid-3.2.0.tgz",
      "integrity": "sha512-fmsZYa9lpn69Ad5eDn7FMcnnSR+8R34W9qJEijxYhTbfOWzr22n1QxCMzXLK+ODyW2973V3Fux959iQoUxzUIA=="
    },
    "one-time": {
      "version": "1.0.0",
      "resolved": "http://100.112.165.24:4873/one-time/-/one-time-1.0.0.tgz",
      "integrity": "sha512-5DXOiRKwuSEcQ/l0kGCF6Q3jcADFv5tSmRaJck/OqkVFcOzutB134KRSfF0xDrL39MNnqxbHBbUUcjZIhTgb2g==",
      "requires": {
        "fn.name": "1.x.x"
      }
    },
    "querystringify": {
      "version": "2.2.0",
      "resolved": "http://100.112.165.24:4873/querystringify/-/querystringify-2.2.0.tgz",
      "integrity": "sha512-FIqgj2EUvTa7R50u0rGsyTftzjYmv/a3hO345bZNrqabNqjtgiDMgmo4mkUjd+nzU5oF3dClKqFIPUKybUyqoQ=="
    },
    "readable-stream": {
      "version": "1.1.14",
      "resolved": "http://100.112.165.24:4873/readable-stream/-/readable-stream-1.1.14.tgz",
      "integrity": "sha1-fPTFTvZI44EwhMY23SB54WbAgdk=",
      "requires": {
        "core-util-is": "~1.0.0",
        "inherits": "~2.0.1",
        "isarray": "0.0.1",
        "string_decoder": "~0.10.x"
      }
    },
    "requires-port": {
      "version": "1.0.0",
      "resolved": "http://100.112.165.24:4873/requires-port/-/requires-port-1.0.0.tgz",
      "integrity": "sha1-kl0mAdOaxIXgkc8NpcbmlNw9yv8="
    },
    "safe-buffer": {
      "version": "5.2.1",
      "resolved": "http://100.112.165.24:4873/safe-buffer/-/safe-buffer-5.2.1.tgz",
      "integrity": "sha512-rp3So07KcdmmKbGvgaNxQSJr7bGVSVk5S9Eq1F+ppbRo70+YeaDxkw5Dd8NPN+GD6bjnYm2VuPuCXmpuYvmCXQ=="
    },
    "safe-stable-stringify": {
      "version": "2.3.1",
      "resolved": "http://100.112.165.24:4873/safe-stable-stringify/-/safe-stable-stringify-2.3.1.tgz",
      "integrity": "sha512-kYBSfT+troD9cDA85VDnHZ1rpHC50O0g1e6WlGHVCz/g+JS+9WKLj+XwFYyR8UbrZN8ll9HUpDAAddY58MGisg=="
    },
    "semver": {
      "version": "5.7.1",
      "resolved": "http://100.112.165.24:4873/semver/-/semver-5.7.1.tgz",
      "integrity": "sha512-sauaDf/PZdVgrLTNYHRtpXa1iRiKcaebiKQ1BJdpQlWH2lCvexQdX55snPFyK7QzpudqbCI0qXFfOasHdyNDGQ=="
    },
    "shimmer": {
      "version": "1.2.1",
      "resolved": "http://100.112.165.24:4873/shimmer/-/shimmer-1.2.1.tgz",
      "integrity": "sha512-sQTKC1Re/rM6XyFM6fIAGHRPVGvyXfgzIDvzoq608vM+jeyVD0Tu1E6Np0Kc2zAIFWIj963V2800iF/9LPieQw=="
    },
    "simple-swizzle": {
      "version": "0.2.2",
      "resolved": "http://100.112.165.24:4873/simple-swizzle/-/simple-swizzle-0.2.2.tgz",
      "integrity": "sha1-pNprY1/8zMoz9w0Xy5JZLeleVXo=",
      "requires": {
        "is-arrayish": "^0.3.1"
      }
    },
    "stack-chain": {
      "version": "1.3.7",
      "resolved": "http://100.112.165.24:4873/stack-chain/-/stack-chain-1.3.7.tgz",
      "integrity": "sha1-0ZLJ/06moiyUxN1FkXHj8AzqEoU="
    },
    "stack-trace": {
      "version": "0.0.10",
      "resolved": "http://100.112.165.24:4873/stack-trace/-/stack-trace-0.0.10.tgz",
      "integrity": "sha1-VHxws0fo0ytOEI6hoqFZ5f3eGcA="
    },
    "string_decoder": {
      "version": "0.10.31",
      "resolved": "http://100.112.165.24:4873/string_decoder/-/string_decoder-0.10.31.tgz",
      "integrity": "sha1-YuIDvEF2bGwoyfyEMB2rHFMQ+pQ="
    },
    "text-hex": {
      "version": "1.0.0",
      "resolved": "http://100.112.165.24:4873/text-hex/-/text-hex-1.0.0.tgz",
      "integrity": "sha512-uuVGNWzgJ4yhRaNSiubPY7OjISw4sw4E5Uv0wbjp+OzcbmVU/rsT8ujgcXJhn9ypzsgr5vlzpPqP+MBBKcGvbg=="
    },
    "triple-beam": {
      "version": "1.3.0",
      "resolved": "http://100.112.165.24:4873/triple-beam/-/triple-beam-1.3.0.tgz",
      "integrity": "sha512-XrHUvV5HpdLmIj4uVMxHggLbFSZYIn7HEWsqePZcI50pco+MPqJ50wMGY794X7AOOhxOBAjbkqfAbEe/QMp2Lw=="
    },
    "url-parse": {
      "version": "1.5.7",
      "resolved": "http://100.112.165.24:4873/url-parse/-/url-parse-1.5.7.tgz",
      "integrity": "sha512-HxWkieX+STA38EDk7CE9MEryFeHCKzgagxlGvsdS7WBImq9Mk+PGwiT56w82WI3aicwJA8REp42Cxo98c8FZMA==",
      "requires": {
        "querystringify": "^2.1.1",
        "requires-port": "^1.0.0"
      }
    },
    "util-deprecate": {
      "version": "1.0.2",
      "resolved": "http://100.112.165.24:4873/util-deprecate/-/util-deprecate-1.0.2.tgz",
      "integrity": "sha1-RQ1Nyfpw3nMnYvvS1KKJgUGaDM8="
    },
    "winston": {
      "version": "3.3.3",
      "resolved": "http://100.112.165.24:4873/winston/-/winston-3.3.3.tgz",
      "integrity": "sha512-oEXTISQnC8VlSAKf1KYSSd7J6IWuRPQqDdo8eoRNaYKLvwSb5+79Z3Yi1lrl6KDpU6/VWaxpakDAtb1oQ4n9aw==",
      "requires": {
        "@dabh/diagnostics": "^2.0.2",
        "async": "^3.1.0",
        "is-stream": "^2.0.0",
        "logform": "^2.2.0",
        "one-time": "^1.0.0",
        "readable-stream": "^3.4.0",
        "stack-trace": "0.0.x",
        "triple-beam": "^1.3.0",
        "winston-transport": "^4.4.0"
      },
      "dependencies": {
        "readable-stream": {
          "version": "3.6.0",
          "resolved": "http://100.112.165.24:4873/readable-stream/-/readable-stream-3.6.0.tgz",
          "integrity": "sha512-BViHy7LKeTz4oNnkcLJ+lVSL6vpiFeX6/d3oSH8zCW7UxP2onchk+vTGB143xuFjHS3deTgkKoXXymXqymiIdA==",
          "requires": {
            "inherits": "^2.0.3",
            "string_decoder": "^1.1.1",
            "util-deprecate": "^1.0.1"
          }
        },
        "string_decoder": {
          "version": "1.3.0",
          "resolved": "http://100.112.165.24:4873/string_decoder/-/string_decoder-1.3.0.tgz",
          "integrity": "sha512-hkRX8U1WjJFd8LsDJ2yQ/wWWxaopEsABU1XfkM8A+j0+85JAGppt16cr1Whg6KIbb4okU6Mql6BOj+uup/wKeA==",
          "requires": {
            "safe-buffer": "~5.2.0"
          }
        }
      }
    },
    "winston-transport": {
      "version": "4.5.0",
      "resolved": "http://100.112.165.24:4873/winston-transport/-/winston-transport-4.5.0.tgz",
      "integrity": "sha512-YpZzcUzBedhlTAfJg6vJDlyEai/IFMIVcaEZZyl3UXIl4gmqRpU7AE89AHLkbzLUsv0NVmw7ts+iztqKxxPW1Q==",
      "requires": {
        "logform": "^2.3.2",
        "readable-stream": "^3.6.0",
        "triple-beam": "^1.3.0"
      },
      "dependencies": {
        "readable-stream": {
          "version": "3.6.0",
          "resolved": "http://100.112.165.24:4873/readable-stream/-/readable-stream-3.6.0.tgz",
          "integrity": "sha512-BViHy7LKeTz4oNnkcLJ+lVSL6vpiFeX6/d3oSH8zCW7UxP2onchk+vTGB143xuFjHS3deTgkKoXXymXqymiIdA==",
          "requires": {
            "inherits": "^2.0.3",
            "string_decoder": "^1.1.1",
            "util-deprecate": "^1.0.1"
          }
        },
        "string_decoder": {
          "version": "1.3.0",
          "resolved": "http://100.112.165.24:4873/string_decoder/-/string_decoder-1.3.0.tgz",
          "integrity": "sha512-hkRX8U1WjJFd8LsDJ2yQ/wWWxaopEsABU1XfkM8A+j0+85JAGppt16cr1Whg6KIbb4okU6Mql6BOj+uup/wKeA==",
          "requires": {
            "safe-buffer": "~5.2.0"
          }
        }
      }
    }
  }
}
